
Microsoft Visual Studio Solution File, Format Version 12.00
# Visual Studio Version 17
VisualStudioVersion = 17.5.33516.290
MinimumVisualStudioVersion = 10.0.40219.1
Project("{FAE04EC0-301F-11D3-BF4B-00C04F79EFBC}") = "Exam", "Exam\Exam.csproj", "{799B739C-F362-46C8-A601-A9729690C5CE}"
EndProject
Global
	GlobalSection(SolutionConfigurationPlatforms) = preSolution
		Debug|Any CPU = Debug|Any CPU
		Release|Any CPU = Release|Any CPU
	EndGlobalSection
	GlobalSection(ProjectConfigurationPlatforms) = postSolution
		{799B739C-F362-46C8-A601-A9729690C5CE}.Debug|Any CPU.ActiveCfg = Debug|Any CPU
		{799B739C-F362-46C8-A601-A9729690C5CE}.Debug|Any CPU.Build.0 = Debug|Any CPU
		{799B739C-F362-46C8-A601-A9729690C5CE}.Release|Any CPU.ActiveCfg = Release|Any CPU
		{799B739C-F362-46C8-A601-A9729690C5CE}.Release|Any CPU.Build.0 = Release|Any CPU
	EndGlobalSection
	GlobalSection(SolutionProperties) = preSolution
		HideSolutionNode = FALSE
	EndGlobalSection
	GlobalSection(ExtensibilityGlobals) = postSolution
		SolutionGuid = {5E072355-2CB1-43D9-B5E7-A0F99E9AE74F}
	EndGlobalSection
EndGlobal
